
Microsoft Visual Studio Solution File, Format Version 12.00
# Visual Studio Version 17
VisualStudioVersion = 17.7.33808.371
MinimumVisualStudioVersion = 10.0.40219.1
Project("{9A19103F-16F7-4668-BE54-9A1E7A4F7556}") = "FoundationDB.Client", "FoundationDB.Client\FoundationDB.Client.csproj", "{773166B7-DE74-4FCC-845C-84080CC89533}"
EndProject
Project("{9A19103F-16F7-4668-BE54-9A1E7A4F7556}") = "FoundationDB.Tests.Sandbox", "FoundationDB.Tests.Sandbox\FoundationDB.Tests.Sandbox.csproj", "{CC36F01C-64E4-4B2E-8376-19D72EDE7D47}"
EndProject
Project("{9A19103F-16F7-4668-BE54-9A1E7A4F7556}") = "FoundationDB.Tests", "FoundationDB.Tests\FoundationDB.Tests.csproj", "{7C888F78-99B1-4CA1-8973-282EC5CCCACD}"
EndProject
Project("{9A19103F-16F7-4668-BE54-9A1E7A4F7556}") = "FoundationDB.Layers.Common", "FoundationDB.Layers.Common\FoundationDB.Layers.Common.csproj", "{7C7717D6-A1E7-4541-AF8B-1AC762B5ED0F}"
EndProject
Project("{9A19103F-16F7-4668-BE54-9A1E7A4F7556}") = "FoundationDB.Linq.Providers", "FoundationDB.Linq.Providers\FoundationDB.Linq.Providers.csproj", "{FAF14E3F-6662-4084-8B92-E6697F6B9D5A}"
EndProject
Project("{9A19103F-16F7-4668-BE54-9A1E7A4F7556}") = "FoundationDB.Samples", "FoundationDB.Samples\FoundationDB.Samples.csproj", "{D2EE84C9-0554-40D2-B61F-8FCB4B67CEAA}"
EndProject
Project("{9A19103F-16F7-4668-BE54-9A1E7A4F7556}") = "FoundationDB.Layers.Experimental", "FoundationDB.Layers.Experimental\FoundationDB.Layers.Experimental.csproj", "{E631BCD4-386C-4EB1-AD4D-CABCE77BB4C8}"
EndProject
Project("{9A19103F-16F7-4668-BE54-9A1E7A4F7556}") = "FdbShell", "FdbShell\FdbShell.csproj", "{60C39E7E-E6CD-404B-8F9B-9BABF302AABC}"
EndProject
Project("{2150E333-8FDC-42A3-9474-1A3956D46DE8}") = "Solution Items", "Solution Items", "{A7D90DEE-38B0-449C-93B5-32D7B845D990}"
	ProjectSection(SolutionItems) = preProject
		Directory.Build.props = Directory.Build.props
		Directory.Packages.props = Directory.Packages.props
		Documentation\docfx.json = Documentation\docfx.json
		Common\foundationdb-net-client.snk = Common\foundationdb-net-client.snk
		global.json = global.json
		LICENSE.md = LICENSE.md
		README.md = README.md
		Common\VersionInfo.props = Common\VersionInfo.props
	EndProjectSection
EndProject
Project("{2150E333-8FDC-42A3-9474-1A3956D46DE8}") = "Core", "Core", "{A00227EE-033B-40BB-A159-3CBC99AE54F8}"
EndProject
Project("{2150E333-8FDC-42A3-9474-1A3956D46DE8}") = "Tools", "Tools", "{1F010B54-2028-4B4D-A6FF-9892A00E83FC}"
EndProject
Project("{9A19103F-16F7-4668-BE54-9A1E7A4F7556}") = "FdbTop", "FdbTop\FdbTop.csproj", "{A1731E5B-59B5-49E0-A9B2-E552B18FA1C6}"
EndProject
Project("{9A19103F-16F7-4668-BE54-9A1E7A4F7556}") = "FdbBurner", "FdbBurner\FdbBurner.csproj", "{60049BA1-A95F-4127-BAC5-74AF023D3082}"
EndProject
Project("{9A19103F-16F7-4668-BE54-9A1E7A4F7556}") = "Doxense.Core", "Doxense.Core\Doxense.Core.csproj", "{07555D0D-0D18-45F9-B5C1-288286A1F2E3}"
EndProject
Project("{9A19103F-16F7-4668-BE54-9A1E7A4F7556}") = "SnowBank.Core.Tests", "SnowBank.Core.Tests\SnowBank.Core.Tests.csproj", "{D7753519-8222-4BC9-8A67-4A9A65A42DB2}"
EndProject
Project("{9A19103F-16F7-4668-BE54-9A1E7A4F7556}") = "SnowBank.Testing.Common", "SnowBank.Testing.Common\SnowBank.Testing.Common.csproj", "{FC13DCD2-2CF3-4B15-A09D-C48B6E46B160}"
EndProject
Project("{9A19103F-16F7-4668-BE54-9A1E7A4F7556}") = "SnowBank.Networking.Http", "SnowBank.Networking.Http\SnowBank.Networking.Http.csproj", "{C01CFE72-B2D8-475D-9161-841F07BAA0DE}"
EndProject
Project("{2150E333-8FDC-42A3-9474-1A3956D46DE8}") = "Client", "Client", "{E899F094-1A78-4652-862C-9FF6356AC738}"
EndProject
Project("{9A19103F-16F7-4668-BE54-9A1E7A4F7556}") = "FoundationDB.BindingTester", "FoundationDB.BindingTester\FoundationDB.BindingTester.csproj", "{950E351C-B756-4985-BEF2-33E6917C6616}"
EndProject
Project("{9A19103F-16F7-4668-BE54-9A1E7A4F7556}") = "FoundationDB.Aspire", "FoundationDB.Aspire\FoundationDB.Aspire.csproj", "{47BAC7E5-2197-4EC2-8671-A654D210DC70}"
EndProject
Project("{9A19103F-16F7-4668-BE54-9A1E7A4F7556}") = "FoundationDB.Aspire.Hosting", "FoundationDB.Aspire.Hosting\FoundationDB.Aspire.Hosting.csproj", "{0957AC74-8650-444C-AEF7-3C579578BBD1}"
EndProject
Project("{2150E333-8FDC-42A3-9474-1A3956D46DE8}") = "GitHub Actions", "GitHub Actions", "{F98174E6-7402-42CF-997E-C3DD77E17AAB}"
	ProjectSection(SolutionItems) = preProject
		.github\workflows\build_native.yml = .github\workflows\build_native.yml
		.github\workflows\dotnetcore.yml = .github\workflows\dotnetcore.yml
	EndProjectSection
EndProject
Project("{FAE04EC0-301F-11D3-BF4B-00C04F79EFBC}") = "FoundationDB.Client.Native", "FoundationDB.Client.Native\FoundationDB.Client.Native.csproj", "{BFC416AD-C6F9-4C55-8315-90304F636660}"
EndProject
Project("{FAE04EC0-301F-11D3-BF4B-00C04F79EFBC}") = "SnowBank.Shell.Tests", "SnowBank.Shell.Tests\SnowBank.Shell.Tests.csproj", "{10AF9D57-490E-4085-B6AC-E3BF96379C8D}"
EndProject
Project("{FAE04EC0-301F-11D3-BF4B-00C04F79EFBC}") = "SnowBank.Shell", "SnowBank.Shell\SnowBank.Shell.csproj", "{6686A531-681F-4797-8D04-3BC675BD1F46}"
EndProject
Project("{FAE04EC0-301F-11D3-BF4B-00C04F79EFBC}") = "SnowBank.Serialization.Json.CodeGen", "SnowBank.Serialization.Json.CodeGen\SnowBank.Serialization.Json.CodeGen.csproj", "{95384A47-E4C5-3AF2-730A-912914A0845A}"
EndProject
Project("{FAE04EC0-301F-11D3-BF4B-00C04F79EFBC}") = "SnowBank.Serialization.Json.CodeGen.Tests", "SnowBank.Serialization.Json.CodeGen.Tests\SnowBank.Serialization.Json.CodeGen.Tests.csproj", "{5AAA17F3-75B8-C8D7-F5C8-45D6C795476F}"
EndProject
Project("{FAE04EC0-301F-11D3-BF4B-00C04F79EFBC}") = "FoundationDB.Testing", "FoundationDB.Testing\FoundationDB.Testing.csproj", "{493D5259-AE9C-00EF-84C7-3E7CA2853FE8}"
EndProject
Global
	GlobalSection(SolutionConfigurationPlatforms) = preSolution
		Debug|Any CPU = Debug|Any CPU
		Release|Any CPU = Release|Any CPU
	EndGlobalSection
	GlobalSection(ProjectConfigurationPlatforms) = postSolution
		{773166B7-DE74-4FCC-845C-84080CC89533}.Debug|Any CPU.ActiveCfg = Debug|Any CPU
		{773166B7-DE74-4FCC-845C-84080CC89533}.Debug|Any CPU.Build.0 = Debug|Any CPU
		{773166B7-DE74-4FCC-845C-84080CC89533}.Release|Any CPU.ActiveCfg = Release|Any CPU
		{773166B7-DE74-4FCC-845C-84080CC89533}.Release|Any CPU.Build.0 = Release|Any CPU
		{CC36F01C-64E4-4B2E-8376-19D72EDE7D47}.Debug|Any CPU.ActiveCfg = Debug|Any CPU
		{CC36F01C-64E4-4B2E-8376-19D72EDE7D47}.Debug|Any CPU.Build.0 = Debug|Any CPU
		{CC36F01C-64E4-4B2E-8376-19D72EDE7D47}.Release|Any CPU.ActiveCfg = Release|Any CPU
		{CC36F01C-64E4-4B2E-8376-19D72EDE7D47}.Release|Any CPU.Build.0 = Release|Any CPU
		{7C888F78-99B1-4CA1-8973-282EC5CCCACD}.Debug|Any CPU.ActiveCfg = Debug|Any CPU
		{7C888F78-99B1-4CA1-8973-282EC5CCCACD}.Debug|Any CPU.Build.0 = Debug|Any CPU
		{7C888F78-99B1-4CA1-8973-282EC5CCCACD}.Release|Any CPU.ActiveCfg = Release|Any CPU
		{7C888F78-99B1-4CA1-8973-282EC5CCCACD}.Release|Any CPU.Build.0 = Release|Any CPU
		{7C7717D6-A1E7-4541-AF8B-1AC762B5ED0F}.Debug|Any CPU.ActiveCfg = Debug|Any CPU
		{7C7717D6-A1E7-4541-AF8B-1AC762B5ED0F}.Debug|Any CPU.Build.0 = Debug|Any CPU
		{7C7717D6-A1E7-4541-AF8B-1AC762B5ED0F}.Release|Any CPU.ActiveCfg = Release|Any CPU
		{7C7717D6-A1E7-4541-AF8B-1AC762B5ED0F}.Release|Any CPU.Build.0 = Release|Any CPU
		{FAF14E3F-6662-4084-8B92-E6697F6B9D5A}.Debug|Any CPU.ActiveCfg = Debug|Any CPU
		{FAF14E3F-6662-4084-8B92-E6697F6B9D5A}.Debug|Any CPU.Build.0 = Debug|Any CPU
		{FAF14E3F-6662-4084-8B92-E6697F6B9D5A}.Release|Any CPU.ActiveCfg = Release|Any CPU
		{FAF14E3F-6662-4084-8B92-E6697F6B9D5A}.Release|Any CPU.Build.0 = Release|Any CPU
		{D2EE84C9-0554-40D2-B61F-8FCB4B67CEAA}.Debug|Any CPU.ActiveCfg = Debug|Any CPU
		{D2EE84C9-0554-40D2-B61F-8FCB4B67CEAA}.Debug|Any CPU.Build.0 = Debug|Any CPU
		{D2EE84C9-0554-40D2-B61F-8FCB4B67CEAA}.Release|Any CPU.ActiveCfg = Release|Any CPU
		{D2EE84C9-0554-40D2-B61F-8FCB4B67CEAA}.Release|Any CPU.Build.0 = Release|Any CPU
		{E631BCD4-386C-4EB1-AD4D-CABCE77BB4C8}.Debug|Any CPU.ActiveCfg = Debug|Any CPU
		{E631BCD4-386C-4EB1-AD4D-CABCE77BB4C8}.Debug|Any CPU.Build.0 = Debug|Any CPU
		{E631BCD4-386C-4EB1-AD4D-CABCE77BB4C8}.Release|Any CPU.ActiveCfg = Release|Any CPU
		{E631BCD4-386C-4EB1-AD4D-CABCE77BB4C8}.Release|Any CPU.Build.0 = Release|Any CPU
		{60C39E7E-E6CD-404B-8F9B-9BABF302AABC}.Debug|Any CPU.ActiveCfg = Debug|Any CPU
		{60C39E7E-E6CD-404B-8F9B-9BABF302AABC}.Debug|Any CPU.Build.0 = Debug|Any CPU
		{60C39E7E-E6CD-404B-8F9B-9BABF302AABC}.Release|Any CPU.ActiveCfg = Release|Any CPU
		{60C39E7E-E6CD-404B-8F9B-9BABF302AABC}.Release|Any CPU.Build.0 = Release|Any CPU
		{A1731E5B-59B5-49E0-A9B2-E552B18FA1C6}.Debug|Any CPU.ActiveCfg = Debug|Any CPU
		{A1731E5B-59B5-49E0-A9B2-E552B18FA1C6}.Debug|Any CPU.Build.0 = Debug|Any CPU
		{A1731E5B-59B5-49E0-A9B2-E552B18FA1C6}.Release|Any CPU.ActiveCfg = Release|Any CPU
		{A1731E5B-59B5-49E0-A9B2-E552B18FA1C6}.Release|Any CPU.Build.0 = Release|Any CPU
		{60049BA1-A95F-4127-BAC5-74AF023D3082}.Debug|Any CPU.ActiveCfg = Debug|Any CPU
		{60049BA1-A95F-4127-BAC5-74AF023D3082}.Debug|Any CPU.Build.0 = Debug|Any CPU
		{60049BA1-A95F-4127-BAC5-74AF023D3082}.Release|Any CPU.ActiveCfg = Release|Any CPU
		{60049BA1-A95F-4127-BAC5-74AF023D3082}.Release|Any CPU.Build.0 = Release|Any CPU
		{07555D0D-0D18-45F9-B5C1-288286A1F2E3}.Debug|Any CPU.ActiveCfg = Debug|Any CPU
		{07555D0D-0D18-45F9-B5C1-288286A1F2E3}.Debug|Any CPU.Build.0 = Debug|Any CPU
		{07555D0D-0D18-45F9-B5C1-288286A1F2E3}.Release|Any CPU.ActiveCfg = Release|Any CPU
		{07555D0D-0D18-45F9-B5C1-288286A1F2E3}.Release|Any CPU.Build.0 = Release|Any CPU
		{D7753519-8222-4BC9-8A67-4A9A65A42DB2}.Debug|Any CPU.ActiveCfg = Debug|Any CPU
		{D7753519-8222-4BC9-8A67-4A9A65A42DB2}.Debug|Any CPU.Build.0 = Debug|Any CPU
		{D7753519-8222-4BC9-8A67-4A9A65A42DB2}.Release|Any CPU.ActiveCfg = Release|Any CPU
		{D7753519-8222-4BC9-8A67-4A9A65A42DB2}.Release|Any CPU.Build.0 = Release|Any CPU
		{FC13DCD2-2CF3-4B15-A09D-C48B6E46B160}.Debug|Any CPU.ActiveCfg = Debug|Any CPU
		{FC13DCD2-2CF3-4B15-A09D-C48B6E46B160}.Debug|Any CPU.Build.0 = Debug|Any CPU
		{FC13DCD2-2CF3-4B15-A09D-C48B6E46B160}.Release|Any CPU.ActiveCfg = Release|Any CPU
		{FC13DCD2-2CF3-4B15-A09D-C48B6E46B160}.Release|Any CPU.Build.0 = Release|Any CPU
		{C01CFE72-B2D8-475D-9161-841F07BAA0DE}.Debug|Any CPU.ActiveCfg = Debug|Any CPU
		{C01CFE72-B2D8-475D-9161-841F07BAA0DE}.Debug|Any CPU.Build.0 = Debug|Any CPU
		{C01CFE72-B2D8-475D-9161-841F07BAA0DE}.Release|Any CPU.ActiveCfg = Release|Any CPU
		{C01CFE72-B2D8-475D-9161-841F07BAA0DE}.Release|Any CPU.Build.0 = Release|Any CPU
		{950E351C-B756-4985-BEF2-33E6917C6616}.Debug|Any CPU.ActiveCfg = Debug|Any CPU
		{950E351C-B756-4985-BEF2-33E6917C6616}.Debug|Any CPU.Build.0 = Debug|Any CPU
		{950E351C-B756-4985-BEF2-33E6917C6616}.Release|Any CPU.ActiveCfg = Release|Any CPU
		{950E351C-B756-4985-BEF2-33E6917C6616}.Release|Any CPU.Build.0 = Release|Any CPU
		{47BAC7E5-2197-4EC2-8671-A654D210DC70}.Debug|Any CPU.ActiveCfg = Debug|Any CPU
		{47BAC7E5-2197-4EC2-8671-A654D210DC70}.Debug|Any CPU.Build.0 = Debug|Any CPU
		{47BAC7E5-2197-4EC2-8671-A654D210DC70}.Release|Any CPU.ActiveCfg = Release|Any CPU
		{47BAC7E5-2197-4EC2-8671-A654D210DC70}.Release|Any CPU.Build.0 = Release|Any CPU
		{0957AC74-8650-444C-AEF7-3C579578BBD1}.Debug|Any CPU.ActiveCfg = Debug|Any CPU
		{0957AC74-8650-444C-AEF7-3C579578BBD1}.Debug|Any CPU.Build.0 = Debug|Any CPU
		{0957AC74-8650-444C-AEF7-3C579578BBD1}.Release|Any CPU.ActiveCfg = Release|Any CPU
		{0957AC74-8650-444C-AEF7-3C579578BBD1}.Release|Any CPU.Build.0 = Release|Any CPU
		{BFC416AD-C6F9-4C55-8315-90304F636660}.Debug|Any CPU.ActiveCfg = Debug|Any CPU
		{BFC416AD-C6F9-4C55-8315-90304F636660}.Debug|Any CPU.Build.0 = Debug|Any CPU
		{BFC416AD-C6F9-4C55-8315-90304F636660}.Release|Any CPU.ActiveCfg = Release|Any CPU
		{BFC416AD-C6F9-4C55-8315-90304F636660}.Release|Any CPU.Build.0 = Release|Any CPU
		{10AF9D57-490E-4085-B6AC-E3BF96379C8D}.Debug|Any CPU.ActiveCfg = Debug|Any CPU
		{10AF9D57-490E-4085-B6AC-E3BF96379C8D}.Debug|Any CPU.Build.0 = Debug|Any CPU
		{10AF9D57-490E-4085-B6AC-E3BF96379C8D}.Release|Any CPU.ActiveCfg = Release|Any CPU
		{10AF9D57-490E-4085-B6AC-E3BF96379C8D}.Release|Any CPU.Build.0 = Release|Any CPU
		{6686A531-681F-4797-8D04-3BC675BD1F46}.Debug|Any CPU.ActiveCfg = Debug|Any CPU
		{6686A531-681F-4797-8D04-3BC675BD1F46}.Debug|Any CPU.Build.0 = Debug|Any CPU
		{6686A531-681F-4797-8D04-3BC675BD1F46}.Release|Any CPU.ActiveCfg = Release|Any CPU
		{6686A531-681F-4797-8D04-3BC675BD1F46}.Release|Any CPU.Build.0 = Release|Any CPU
		{95384A47-E4C5-3AF2-730A-912914A0845A}.Debug|Any CPU.ActiveCfg = Debug|Any CPU
		{95384A47-E4C5-3AF2-730A-912914A0845A}.Debug|Any CPU.Build.0 = Debug|Any CPU
		{95384A47-E4C5-3AF2-730A-912914A0845A}.Release|Any CPU.ActiveCfg = Release|Any CPU
		{95384A47-E4C5-3AF2-730A-912914A0845A}.Release|Any CPU.Build.0 = Release|Any CPU
		{5AAA17F3-75B8-C8D7-F5C8-45D6C795476F}.Debug|Any CPU.ActiveCfg = Debug|Any CPU
		{5AAA17F3-75B8-C8D7-F5C8-45D6C795476F}.Debug|Any CPU.Build.0 = Debug|Any CPU
		{5AAA17F3-75B8-C8D7-F5C8-45D6C795476F}.Release|Any CPU.ActiveCfg = Release|Any CPU
		{5AAA17F3-75B8-C8D7-F5C8-45D6C795476F}.Release|Any CPU.Build.0 = Release|Any CPU
		{493D5259-AE9C-00EF-84C7-3E7CA2853FE8}.Debug|Any CPU.ActiveCfg = Debug|Any CPU
		{493D5259-AE9C-00EF-84C7-3E7CA2853FE8}.Debug|Any CPU.Build.0 = Debug|Any CPU
		{493D5259-AE9C-00EF-84C7-3E7CA2853FE8}.Release|Any CPU.ActiveCfg = Release|Any CPU
		{493D5259-AE9C-00EF-84C7-3E7CA2853FE8}.Release|Any CPU.Build.0 = Release|Any CPU
	EndGlobalSection
	GlobalSection(SolutionProperties) = preSolution
		HideSolutionNode = FALSE
	EndGlobalSection
	GlobalSection(NestedProjects) = preSolution
		{773166B7-DE74-4FCC-845C-84080CC89533} = {E899F094-1A78-4652-862C-9FF6356AC738}
		{CC36F01C-64E4-4B2E-8376-19D72EDE7D47} = {E899F094-1A78-4652-862C-9FF6356AC738}
		{7C888F78-99B1-4CA1-8973-282EC5CCCACD} = {E899F094-1A78-4652-862C-9FF6356AC738}
		{7C7717D6-A1E7-4541-AF8B-1AC762B5ED0F} = {E899F094-1A78-4652-862C-9FF6356AC738}
		{FAF14E3F-6662-4084-8B92-E6697F6B9D5A} = {E899F094-1A78-4652-862C-9FF6356AC738}
		{D2EE84C9-0554-40D2-B61F-8FCB4B67CEAA} = {E899F094-1A78-4652-862C-9FF6356AC738}
		{E631BCD4-386C-4EB1-AD4D-CABCE77BB4C8} = {E899F094-1A78-4652-862C-9FF6356AC738}
		{60C39E7E-E6CD-404B-8F9B-9BABF302AABC} = {1F010B54-2028-4B4D-A6FF-9892A00E83FC}
		{A1731E5B-59B5-49E0-A9B2-E552B18FA1C6} = {1F010B54-2028-4B4D-A6FF-9892A00E83FC}
		{60049BA1-A95F-4127-BAC5-74AF023D3082} = {1F010B54-2028-4B4D-A6FF-9892A00E83FC}
		{07555D0D-0D18-45F9-B5C1-288286A1F2E3} = {A00227EE-033B-40BB-A159-3CBC99AE54F8}
		{D7753519-8222-4BC9-8A67-4A9A65A42DB2} = {A00227EE-033B-40BB-A159-3CBC99AE54F8}
		{FC13DCD2-2CF3-4B15-A09D-C48B6E46B160} = {A00227EE-033B-40BB-A159-3CBC99AE54F8}
		{C01CFE72-B2D8-475D-9161-841F07BAA0DE} = {A00227EE-033B-40BB-A159-3CBC99AE54F8}
		{950E351C-B756-4985-BEF2-33E6917C6616} = {E899F094-1A78-4652-862C-9FF6356AC738}
		{47BAC7E5-2197-4EC2-8671-A654D210DC70} = {E899F094-1A78-4652-862C-9FF6356AC738}
		{0957AC74-8650-444C-AEF7-3C579578BBD1} = {E899F094-1A78-4652-862C-9FF6356AC738}
		{F98174E6-7402-42CF-997E-C3DD77E17AAB} = {A7D90DEE-38B0-449C-93B5-32D7B845D990}
		{BFC416AD-C6F9-4C55-8315-90304F636660} = {E899F094-1A78-4652-862C-9FF6356AC738}
		{10AF9D57-490E-4085-B6AC-E3BF96379C8D} = {A00227EE-033B-40BB-A159-3CBC99AE54F8}
		{6686A531-681F-4797-8D04-3BC675BD1F46} = {A00227EE-033B-40BB-A159-3CBC99AE54F8}
		{95384A47-E4C5-3AF2-730A-912914A0845A} = {A00227EE-033B-40BB-A159-3CBC99AE54F8}
		{5AAA17F3-75B8-C8D7-F5C8-45D6C795476F} = {A00227EE-033B-40BB-A159-3CBC99AE54F8}
		{493D5259-AE9C-00EF-84C7-3E7CA2853FE8} = {E899F094-1A78-4652-862C-9FF6356AC738}
	EndGlobalSection
	GlobalSection(ExtensibilityGlobals) = postSolution
		SolutionGuid = {07944E4B-042C-4338-8E28-99FB373F52AA}
	EndGlobalSection
EndGlobal
