
Microsoft Visual Studio Solution File, Format Version 12.00
# Visual Studio 2013
VisualStudioVersion = 12.0.21005.1
MinimumVisualStudioVersion = 10.0.40219.1
Project("{FAE04EC0-301F-11D3-BF4B-00C04F79EFBC}") = "FoundationDB.Storage.Memory", "FoundationDB.Storage.Memory\FoundationDB.Storage.Memory.csproj", "{CC98DB39-31A1-4642-B4FC-9CB0AB26BF2E}"
EndProject
Project("{FAE04EC0-301F-11D3-BF4B-00C04F79EFBC}") = "FoundationDB.Client", "..\foundationdb-dotnet-client\FoundationDB.Client\FoundationDB.Client.csproj", "{773166B7-DE74-4FCC-845C-84080CC89533}"
EndProject
Project("{FAE04EC0-301F-11D3-BF4B-00C04F79EFBC}") = "FoundationDB.Storage.Memory.Test", "FoundationDB.Storage.Memory.Test\FoundationDB.Storage.Memory.Test.csproj", "{AF76A8D4-E682-4E72-B656-BE3D935712DB}"
EndProject
Project("{FAE04EC0-301F-11D3-BF4B-00C04F79EFBC}") = "FoundationDb.Layers.Common", "..\foundationdb-dotnet-client\FoundationDB.Layers.Common\FoundationDb.Layers.Common.csproj", "{7C7717D6-A1E7-4541-AF8B-1AC762B5ED0F}"
EndProject
Global
	GlobalSection(SolutionConfigurationPlatforms) = preSolution
		Debug|Any CPU = Debug|Any CPU
		Release|Any CPU = Release|Any CPU
	EndGlobalSection
	GlobalSection(ProjectConfigurationPlatforms) = postSolution
		{CC98DB39-31A1-4642-B4FC-9CB0AB26BF2E}.Debug|Any CPU.ActiveCfg = Debug|Any CPU
		{CC98DB39-31A1-4642-B4FC-9CB0AB26BF2E}.Debug|Any CPU.Build.0 = Debug|Any CPU
		{CC98DB39-31A1-4642-B4FC-9CB0AB26BF2E}.Release|Any CPU.ActiveCfg = Release|Any CPU
		{CC98DB39-31A1-4642-B4FC-9CB0AB26BF2E}.Release|Any CPU.Build.0 = Release|Any CPU
		{773166B7-DE74-4FCC-845C-84080CC89533}.Debug|Any CPU.ActiveCfg = Debug|Any CPU
		{773166B7-DE74-4FCC-845C-84080CC89533}.Debug|Any CPU.Build.0 = Debug|Any CPU
		{773166B7-DE74-4FCC-845C-84080CC89533}.Release|Any CPU.ActiveCfg = Release|Any CPU
		{773166B7-DE74-4FCC-845C-84080CC89533}.Release|Any CPU.Build.0 = Release|Any CPU
		{AF76A8D4-E682-4E72-B656-BE3D935712DB}.Debug|Any CPU.ActiveCfg = Debug|Any CPU
		{AF76A8D4-E682-4E72-B656-BE3D935712DB}.Debug|Any CPU.Build.0 = Debug|Any CPU
		{AF76A8D4-E682-4E72-B656-BE3D935712DB}.Release|Any CPU.ActiveCfg = Release|Any CPU
		{AF76A8D4-E682-4E72-B656-BE3D935712DB}.Release|Any CPU.Build.0 = Release|Any CPU
		{7C7717D6-A1E7-4541-AF8B-1AC762B5ED0F}.Debug|Any CPU.ActiveCfg = Debug|Any CPU
		{7C7717D6-A1E7-4541-AF8B-1AC762B5ED0F}.Debug|Any CPU.Build.0 = Debug|Any CPU
		{7C7717D6-A1E7-4541-AF8B-1AC762B5ED0F}.Release|Any CPU.ActiveCfg = Release|Any CPU
		{7C7717D6-A1E7-4541-AF8B-1AC762B5ED0F}.Release|Any CPU.Build.0 = Release|Any CPU
	EndGlobalSection
	GlobalSection(SolutionProperties) = preSolution
		HideSolutionNode = FALSE
	EndGlobalSection
EndGlobal
