
Microsoft Visual Studio Solution File, Format Version 12.00
# Visual Studio 2013
VisualStudioVersion = 12.0.30501.0
MinimumVisualStudioVersion = 10.0.40219.1
Project("{FAE04EC0-301F-11D3-BF4B-00C04F79EFBC}") = "FoundationDB.Client", "FoundationDB.Client\FoundationDB.Client.csproj", "{773166B7-DE74-4FCC-845C-84080CC89533}"
EndProject
Project("{FAE04EC0-301F-11D3-BF4B-00C04F79EFBC}") = "FoundationDB.Tests.Sandbox", "FoundationDB.Tests.Sandbox\FoundationDB.Tests.Sandbox.csproj", "{CC36F01C-64E4-4B2E-8376-19D72EDE7D47}"
EndProject
Project("{FAE04EC0-301F-11D3-BF4B-00C04F79EFBC}") = "FoundationDB.Tests", "FoundationDB.Tests\FoundationDB.Tests.csproj", "{7C888F78-99B1-4CA1-8973-282EC5CCCACD}"
EndProject
Project("{2150E333-8FDC-42A3-9474-1A3956D46DE8}") = ".nuget", ".nuget", "{8DB84402-8AF0-4851-A49F-F8EDF2A04B1E}"
	ProjectSection(SolutionItems) = preProject
		.nuget\NuGet.Config = .nuget\NuGet.Config
		.nuget\NuGet.exe = .nuget\NuGet.exe
		.nuget\NuGet.targets = .nuget\NuGet.targets
	EndProjectSection
EndProject
Project("{FAE04EC0-301F-11D3-BF4B-00C04F79EFBC}") = "FoundationDB.Layers.Common", "FoundationDB.Layers.Common\FoundationDB.Layers.Common.csproj", "{7C7717D6-A1E7-4541-AF8B-1AC762B5ED0F}"
EndProject
Project("{2150E333-8FDC-42A3-9474-1A3956D46DE8}") = "Common", "Common", "{4788B3A8-BFC1-4A57-8062-83071A1D41F7}"
	ProjectSection(SolutionItems) = preProject
		Common\foundationdb-net-client.snk = Common\foundationdb-net-client.snk
		VersionInfo.cs = VersionInfo.cs
	EndProjectSection
EndProject
Project("{FAE04EC0-301F-11D3-BF4B-00C04F79EFBC}") = "FoundationDB.Linq.Providers", "FoundationDB.Linq.Providers\FoundationDB.Linq.Providers.csproj", "{FAF14E3F-6662-4084-8B92-E6697F6B9D5A}"
EndProject
Project("{FAE04EC0-301F-11D3-BF4B-00C04F79EFBC}") = "FoundationDB.Samples", "FoundationDB.Samples\FoundationDB.Samples.csproj", "{D2EE84C9-0554-40D2-B61F-8FCB4B67CEAA}"
EndProject
Project("{FAE04EC0-301F-11D3-BF4B-00C04F79EFBC}") = "FoundationDB.Layers.Experimental", "FoundationDB.Layers.Experimental\FoundationDB.Layers.Experimental.csproj", "{E631BCD4-386C-4EB1-AD4D-CABCE77BB4C8}"
EndProject
Project("{FAE04EC0-301F-11D3-BF4B-00C04F79EFBC}") = "FoundationDB.Storage.Memory", "FoundationDB.Storage.Memory\FoundationDB.Storage.Memory.csproj", "{CC98DB39-31A1-4642-B4FC-9CB0AB26BF2E}"
EndProject
Project("{FAE04EC0-301F-11D3-BF4B-00C04F79EFBC}") = "FoundationDB.Storage.Memory.Test", "FoundationDB.Storage.Memory.Test\FoundationDB.Storage.Memory.Test.csproj", "{AF76A8D4-E682-4E72-B656-BE3D935712DB}"
EndProject
Project("{FAE04EC0-301F-11D3-BF4B-00C04F79EFBC}") = "FdbShell", "FdbShell\FdbShell.csproj", "{60C39E7E-E6CD-404B-8F9B-9BABF302AABC}"
EndProject
Global
	GlobalSection(SolutionConfigurationPlatforms) = preSolution
		Debug|Any CPU = Debug|Any CPU
		Release|Any CPU = Release|Any CPU
	EndGlobalSection
	GlobalSection(ProjectConfigurationPlatforms) = postSolution
		{773166B7-DE74-4FCC-845C-84080CC89533}.Debug|Any CPU.ActiveCfg = Debug|Any CPU
		{773166B7-DE74-4FCC-845C-84080CC89533}.Debug|Any CPU.Build.0 = Debug|Any CPU
		{773166B7-DE74-4FCC-845C-84080CC89533}.Release|Any CPU.ActiveCfg = Release|Any CPU
		{773166B7-DE74-4FCC-845C-84080CC89533}.Release|Any CPU.Build.0 = Release|Any CPU
		{CC36F01C-64E4-4B2E-8376-19D72EDE7D47}.Debug|Any CPU.ActiveCfg = Debug|Any CPU
		{CC36F01C-64E4-4B2E-8376-19D72EDE7D47}.Debug|Any CPU.Build.0 = Debug|Any CPU
		{CC36F01C-64E4-4B2E-8376-19D72EDE7D47}.Release|Any CPU.ActiveCfg = Release|Any CPU
		{CC36F01C-64E4-4B2E-8376-19D72EDE7D47}.Release|Any CPU.Build.0 = Release|Any CPU
		{7C888F78-99B1-4CA1-8973-282EC5CCCACD}.Debug|Any CPU.ActiveCfg = Debug|Any CPU
		{7C888F78-99B1-4CA1-8973-282EC5CCCACD}.Debug|Any CPU.Build.0 = Debug|Any CPU
		{7C888F78-99B1-4CA1-8973-282EC5CCCACD}.Release|Any CPU.ActiveCfg = Release|Any CPU
		{7C888F78-99B1-4CA1-8973-282EC5CCCACD}.Release|Any CPU.Build.0 = Release|Any CPU
		{7C7717D6-A1E7-4541-AF8B-1AC762B5ED0F}.Debug|Any CPU.ActiveCfg = Debug|Any CPU
		{7C7717D6-A1E7-4541-AF8B-1AC762B5ED0F}.Debug|Any CPU.Build.0 = Debug|Any CPU
		{7C7717D6-A1E7-4541-AF8B-1AC762B5ED0F}.Release|Any CPU.ActiveCfg = Release|Any CPU
		{7C7717D6-A1E7-4541-AF8B-1AC762B5ED0F}.Release|Any CPU.Build.0 = Release|Any CPU
		{FAF14E3F-6662-4084-8B92-E6697F6B9D5A}.Debug|Any CPU.ActiveCfg = Debug|Any CPU
		{FAF14E3F-6662-4084-8B92-E6697F6B9D5A}.Debug|Any CPU.Build.0 = Debug|Any CPU
		{FAF14E3F-6662-4084-8B92-E6697F6B9D5A}.Release|Any CPU.ActiveCfg = Release|Any CPU
		{FAF14E3F-6662-4084-8B92-E6697F6B9D5A}.Release|Any CPU.Build.0 = Release|Any CPU
		{D2EE84C9-0554-40D2-B61F-8FCB4B67CEAA}.Debug|Any CPU.ActiveCfg = Debug|Any CPU
		{D2EE84C9-0554-40D2-B61F-8FCB4B67CEAA}.Debug|Any CPU.Build.0 = Debug|Any CPU
		{D2EE84C9-0554-40D2-B61F-8FCB4B67CEAA}.Release|Any CPU.ActiveCfg = Release|Any CPU
		{D2EE84C9-0554-40D2-B61F-8FCB4B67CEAA}.Release|Any CPU.Build.0 = Release|Any CPU
		{E631BCD4-386C-4EB1-AD4D-CABCE77BB4C8}.Debug|Any CPU.ActiveCfg = Debug|Any CPU
		{E631BCD4-386C-4EB1-AD4D-CABCE77BB4C8}.Debug|Any CPU.Build.0 = Debug|Any CPU
		{E631BCD4-386C-4EB1-AD4D-CABCE77BB4C8}.Release|Any CPU.ActiveCfg = Release|Any CPU
		{E631BCD4-386C-4EB1-AD4D-CABCE77BB4C8}.Release|Any CPU.Build.0 = Release|Any CPU
		{CC98DB39-31A1-4642-B4FC-9CB0AB26BF2E}.Debug|Any CPU.ActiveCfg = Debug|Any CPU
		{CC98DB39-31A1-4642-B4FC-9CB0AB26BF2E}.Debug|Any CPU.Build.0 = Debug|Any CPU
		{CC98DB39-31A1-4642-B4FC-9CB0AB26BF2E}.Release|Any CPU.ActiveCfg = Release|Any CPU
		{CC98DB39-31A1-4642-B4FC-9CB0AB26BF2E}.Release|Any CPU.Build.0 = Release|Any CPU
		{AF76A8D4-E682-4E72-B656-BE3D935712DB}.Debug|Any CPU.ActiveCfg = Debug|Any CPU
		{AF76A8D4-E682-4E72-B656-BE3D935712DB}.Debug|Any CPU.Build.0 = Debug|Any CPU
		{AF76A8D4-E682-4E72-B656-BE3D935712DB}.Release|Any CPU.ActiveCfg = Release|Any CPU
		{AF76A8D4-E682-4E72-B656-BE3D935712DB}.Release|Any CPU.Build.0 = Release|Any CPU
		{60C39E7E-E6CD-404B-8F9B-9BABF302AABC}.Debug|Any CPU.ActiveCfg = Debug|Any CPU
		{60C39E7E-E6CD-404B-8F9B-9BABF302AABC}.Debug|Any CPU.Build.0 = Debug|Any CPU
		{60C39E7E-E6CD-404B-8F9B-9BABF302AABC}.Release|Any CPU.ActiveCfg = Release|Any CPU
		{60C39E7E-E6CD-404B-8F9B-9BABF302AABC}.Release|Any CPU.Build.0 = Release|Any CPU
	EndGlobalSection
	GlobalSection(SolutionProperties) = preSolution
		HideSolutionNode = FALSE
	EndGlobalSection
EndGlobal
