
Microsoft Visual Studio Solution File, Format Version 12.00
# Visual Studio 2012
Project("{FAE04EC0-301F-11D3-BF4B-00C04F79EFBC}") = "System.Data.FoundationDb.Client", "System.Data.FoundationDb.Client\System.Data.FoundationDb.Client.csproj", "{773166B7-DE74-4FCC-845C-84080CC89533}"
EndProject
Project("{FAE04EC0-301F-11D3-BF4B-00C04F79EFBC}") = "FoundationDb.Test", "FoundationDb.Test\FoundationDb.Test.csproj", "{CC36F01C-64E4-4B2E-8376-19D72EDE7D47}"
EndProject
Global
	GlobalSection(SolutionConfigurationPlatforms) = preSolution
		Debug|Any CPU = Debug|Any CPU
		Release|Any CPU = Release|Any CPU
	EndGlobalSection
	GlobalSection(ProjectConfigurationPlatforms) = postSolution
		{773166B7-DE74-4FCC-845C-84080CC89533}.Debug|Any CPU.ActiveCfg = Debug|Any CPU
		{773166B7-DE74-4FCC-845C-84080CC89533}.Debug|Any CPU.Build.0 = Debug|Any CPU
		{773166B7-DE74-4FCC-845C-84080CC89533}.Release|Any CPU.ActiveCfg = Release|Any CPU
		{773166B7-DE74-4FCC-845C-84080CC89533}.Release|Any CPU.Build.0 = Release|Any CPU
		{CC36F01C-64E4-4B2E-8376-19D72EDE7D47}.Debug|Any CPU.ActiveCfg = Debug|Any CPU
		{CC36F01C-64E4-4B2E-8376-19D72EDE7D47}.Debug|Any CPU.Build.0 = Debug|Any CPU
		{CC36F01C-64E4-4B2E-8376-19D72EDE7D47}.Release|Any CPU.ActiveCfg = Release|Any CPU
		{CC36F01C-64E4-4B2E-8376-19D72EDE7D47}.Release|Any CPU.Build.0 = Release|Any CPU
	EndGlobalSection
	GlobalSection(SolutionProperties) = preSolution
		HideSolutionNode = FALSE
	EndGlobalSection
EndGlobal
