{
  "version": 2,
  "dependencies": {
    "net8.0": {
      "Microsoft.CSharp": {
        "type": "Direct",
        "requested": "[4.7.0, )",
        "resolved": "4.7.0",
        "contentHash": "pTj+D3uJWyN3My70i2Hqo+OXixq3Os2D1nJ2x92FFo6sk8fYS1m1WLNTs0Dc1uPaViH0YvEEwvzddQ7y4rhXmA=="
      },
      "Microsoft.Extensions.Logging": {
        "type": "Direct",
        "requested": "[9.0.0, )",
        "resolved": "9.0.0",
        "contentHash": "crjWyORoug0kK7RSNJBTeSE6VX8IQgLf3nUpTB9m62bPXp/tzbnOsnbe8TXEG0AASNaKZddnpHKw7fET8E++Pg==",
        "dependencies": {
          "Microsoft.Extensions.DependencyInjection": "9.0.0",
          "Microsoft.Extensions.Logging.Abstractions": "9.0.0",
          "Microsoft.Extensions.Options": "9.0.0"
        }
      },
      "Microsoft.Extensions.Logging.Configuration": {
        "type": "Direct",
        "requested": "[9.0.0, )",
        "resolved": "9.0.0",
        "contentHash": "H05HiqaNmg6GjH34ocYE9Wm1twm3Oz2aXZko8GTwGBzM7op2brpAA8pJ5yyD1OpS1mXUtModBYOlcZ/wXeWsSg==",
        "dependencies": {
          "Microsoft.Extensions.Configuration": "9.0.0",
          "Microsoft.Extensions.Configuration.Abstractions": "9.0.0",
          "Microsoft.Extensions.Configuration.Binder": "9.0.0",
          "Microsoft.Extensions.DependencyInjection.Abstractions": "9.0.0",
          "Microsoft.Extensions.Logging": "9.0.0",
          "Microsoft.Extensions.Logging.Abstractions": "9.0.0",
          "Microsoft.Extensions.Options": "9.0.0",
          "Microsoft.Extensions.Options.ConfigurationExtensions": "9.0.0"
        }
      },
      "Microsoft.NET.Test.Sdk": {
        "type": "Direct",
        "requested": "[17.11.1, )",
        "resolved": "17.11.1",
        "contentHash": "U3Ty4BaGoEu+T2bwSko9tWqWUOU16WzSFkq6U8zve75oRBMSLTBdMAZrVNNz1Tq12aCdDom9fcOcM9QZaFHqFg==",
        "dependencies": {
          "Microsoft.CodeCoverage": "17.11.1",
          "Microsoft.TestPlatform.TestHost": "17.11.1"
        }
      },
      "NodaTime.Testing": {
        "type": "Direct",
        "requested": "[3.2.0, )",
        "resolved": "3.2.0",
        "contentHash": "rrJjc3omfhJvL2Oyavitj9FD+1wDjbGIugx5vn4dZvNAKzs2Z8YUckU51CAbWZ00mXhpjJgVfb2RYw43hD8Ung==",
        "dependencies": {
          "NodaTime": "3.2.0"
        }
      },
      "NUnit": {
        "type": "Direct",
        "requested": "[4.2.2, )",
        "resolved": "4.2.2",
        "contentHash": "mon0OPko28yZ/foVXrhiUvq1LReaGsBdziumyyYGxV/pOE4q92fuYeN+AF+gEU5pCjzykcdBt5l7xobTaiBjsg=="
      },
      "NUnit.Console": {
        "type": "Direct",
        "requested": "[3.18.3, )",
        "resolved": "3.18.3",
        "contentHash": "0t1/s8TtfzlHfCG4pSWjzx5db7vW0rg8dZTmX4no9Lss++SUzG3lgh6ePbhNDRucbLSKrW06qLgdB/zPZvJGuA==",
        "dependencies": {
          "NUnit.ConsoleRunner": "3.18.3",
          "NUnit.Extension.NUnitProjectLoader": "3.8.0",
          "NUnit.Extension.NUnitV2Driver": "3.9.0",
          "NUnit.Extension.NUnitV2ResultWriter": "3.8.0",
          "NUnit.Extension.TeamCityEventListener": "1.0.7",
          "NUnit.Extension.VSProjectLoader": "3.9.0"
        }
      },
      "NUnit.ConsoleRunner": {
        "type": "Direct",
        "requested": "[3.18.3, )",
        "resolved": "3.18.3",
        "contentHash": "Z1MBcbf8Q/R3JhugoqkxdO5wBml7Tq26zukHcdomt5wXlJn3usfice3ABkO18g6ragdVotg9GBMMb+IzYDDCqQ=="
      },
      "System.Text.Encoding.CodePages": {
        "type": "Direct",
        "requested": "[9.0.0, )",
        "resolved": "9.0.0",
        "contentHash": "GxJTSFPQpoVd0vQRgq8hwesicxgZoHTbYMvR/UMM4IzhkHMT+ebZE11c2C1gUyxz55zWtGCWktMTHvmgLzob9g=="
      },
      "Microsoft.CodeCoverage": {
        "type": "Transitive",
        "resolved": "17.11.1",
        "contentHash": "nPJqrcA5iX+Y0kqoT3a+pD/8lrW/V7ayqnEJQsTonSoPz59J8bmoQhcSN4G8+UJ64Hkuf0zuxnfuj2lkHOq4cA=="
      },
      "Microsoft.Extensions.Configuration": {
        "type": "Transitive",
        "resolved": "9.0.0",
        "contentHash": "YIMO9T3JL8MeEXgVozKt2v79hquo/EFtnY0vgxmLnUvk1Rei/halI7kOWZL2RBeV9FMGzgM9LZA8CVaNwFMaNA==",
        "dependencies": {
          "Microsoft.Extensions.Configuration.Abstractions": "9.0.0",
          "Microsoft.Extensions.Primitives": "9.0.0"
        }
      },
      "Microsoft.Extensions.Configuration.Abstractions": {
        "type": "Transitive",
        "resolved": "9.0.0",
        "contentHash": "lqvd7W3FGKUO1+ZoUEMaZ5XDJeWvjpy2/M/ptCGz3tXLD4HWVaSzjufsAsjemasBEg+2SxXVtYVvGt5r2nKDlg==",
        "dependencies": {
          "Microsoft.Extensions.Primitives": "9.0.0"
        }
      },
      "Microsoft.Extensions.DependencyInjection": {
        "type": "Transitive",
        "resolved": "9.0.0",
        "contentHash": "MCPrg7v3QgNMr0vX4vzRXvkNGgLg8vKWX0nKCWUxu2uPyMsaRgiRc1tHBnbTcfJMhMKj2slE/j2M9oGkd25DNw==",
        "dependencies": {
          "Microsoft.Extensions.DependencyInjection.Abstractions": "9.0.0"
        }
      },
      "Microsoft.Extensions.Options.ConfigurationExtensions": {
        "type": "Transitive",
        "resolved": "9.0.0",
        "contentHash": "Ob3FXsXkcSMQmGZi7qP07EQ39kZpSBlTcAZLbJLdI4FIf0Jug8biv2HTavWmnTirchctPlq9bl/26CXtQRguzA==",
        "dependencies": {
          "Microsoft.Extensions.Configuration.Abstractions": "9.0.0",
          "Microsoft.Extensions.Configuration.Binder": "9.0.0",
          "Microsoft.Extensions.DependencyInjection.Abstractions": "9.0.0",
          "Microsoft.Extensions.Options": "9.0.0",
          "Microsoft.Extensions.Primitives": "9.0.0"
        }
      },
      "Microsoft.Extensions.Primitives": {
        "type": "Transitive",
        "resolved": "9.0.0",
        "contentHash": "N3qEBzmLMYiASUlKxxFIISP4AiwuPTHF5uCh+2CWSwwzAJiIYx0kBJsS30cp1nvhSySFAVi30jecD307jV+8Kg=="
      },
      "Microsoft.TestPlatform.ObjectModel": {
        "type": "Transitive",
        "resolved": "17.11.1",
        "contentHash": "E2jZqAU6JeWEVsyOEOrSW1o1bpHLgb25ypvKNB/moBXPVsFYBPd/Jwi7OrYahG50J83LfHzezYI+GaEkpAotiA==",
        "dependencies": {
          "System.Reflection.Metadata": "1.6.0"
        }
      },
      "NUnit.Extension.NUnitProjectLoader": {
        "type": "Transitive",
        "resolved": "3.8.0",
        "contentHash": "luFf2sI7Nw6qc3GTm7rcQKqrrp1uGp5z8USUu6CjfjYg6Pwo1TCS0WsaBHA1afmHDT7WJuuJ1dzAMdEDUm8UdQ=="
      },
      "NUnit.Extension.NUnitV2Driver": {
        "type": "Transitive",
        "resolved": "3.9.0",
        "contentHash": "h4sqAl2dBh+PpClkYB5cCkfDtTitC0sZeFEf6j0Bmk8yrc8lN7dpQ67QFnlf0FnyspI409QVf6uM+7gPXzJ8+w=="
      },
      "NUnit.Extension.NUnitV2ResultWriter": {
        "type": "Transitive",
        "resolved": "3.8.0",
        "contentHash": "uvbFF+RcJdHcB8A+XmkLz0ANVbpU8+A9AghAMZ3y/JORHz15Hps6U4Yy8oP7OWQ+4lm4bA65D1CcIFLIpVX/5A=="
      },
      "NUnit.Extension.TeamCityEventListener": {
        "type": "Transitive",
        "resolved": "1.0.7",
        "contentHash": "bw+ZwHsUmxqb9leo91qLEF7ggtdpawY2V6wNqHI6+ATa2SHxHxoxiV5UV07ZWDRpf/qlQJELNlZu7wIB3+w2qQ=="
      },
      "NUnit.Extension.VSProjectLoader": {
        "type": "Transitive",
        "resolved": "3.9.0",
        "contentHash": "KDCliBK7Db3PPheXfp0gaUQdT2AyRCVPPSnI4/cI2umRmEnNM7uKnZOIJflN7MebjqUpMyi92OAm7dIbaAK4NA=="
      },
      "System.Diagnostics.DiagnosticSource": {
        "type": "Transitive",
        "resolved": "9.0.0",
        "contentHash": "ddppcFpnbohLWdYKr/ZeLZHmmI+DXFgZ3Snq+/E7SwcdW4UnvxmaugkwGywvGVWkHPGCSZjCP+MLzu23AL5SDw=="
      },
      "doxense.core": {
        "type": "Project",
        "dependencies": {
          "Microsoft.Extensions.DependencyInjection.Abstractions": "[9.0.0, )",
          "Microsoft.Extensions.Logging.Abstractions": "[9.0.0, )",
          "Microsoft.Extensions.Options": "[9.0.0, )",
          "NodaTime": "[3.2.0, )",
          "OpenTelemetry.Api": "[1.10.0, )",
          "System.IO.Pipelines": "[9.0.0, )",
          "System.Reflection.Metadata": "[9.0.0, )",
          "System.Threading.Channels": "[9.0.0, )"
        }
      },
      "doxense.networking.http": {
        "type": "Project",
        "dependencies": {
          "Doxense.Core": "[7.3.1-preview.1, )",
          "Microsoft.Extensions.DependencyInjection.Abstractions": "[9.0.0, )",
          "Microsoft.Extensions.Logging.Abstractions": "[9.0.0, )",
          "Microsoft.Extensions.Options": "[9.0.0, )",
          "Microsoft.IO.RecyclableMemoryStream": "[3.0.1, )",
          "Microsoft.Net.Http.Headers": "[8.0.11, )",
          "OpenTelemetry.Api": "[1.10.0, )"
        }
      },
      "Microsoft.Extensions.Configuration.Binder": {
        "type": "CentralTransitive",
        "requested": "[9.0.0, )",
        "resolved": "9.0.0",
        "contentHash": "RiScL99DcyngY9zJA2ROrri7Br8tn5N4hP4YNvGdTN/bvg1A3dwvDOxHnNZ3Im7x2SJ5i4LkX1uPiR/MfSFBLQ==",
        "dependencies": {
          "Microsoft.Extensions.Configuration.Abstractions": "9.0.0"
        }
      },
      "Microsoft.Extensions.DependencyInjection.Abstractions": {
        "type": "CentralTransitive",
        "requested": "[9.0.0, )",
        "resolved": "9.0.0",
        "contentHash": "+6f2qv2a3dLwd5w6JanPIPs47CxRbnk+ZocMJUhv9NxP88VlOcJYZs9jY+MYSjxvady08bUZn6qgiNh7DadGgg=="
      },
      "Microsoft.Extensions.Logging.Abstractions": {
        "type": "CentralTransitive",
        "requested": "[9.0.0, )",
        "resolved": "9.0.0",
        "contentHash": "g0UfujELzlLbHoVG8kPKVBaW470Ewi+jnptGS9KUi6jcb+k2StujtK3m26DFSGGwQ/+bVgZfsWqNzlP6YOejvw==",
        "dependencies": {
          "Microsoft.Extensions.DependencyInjection.Abstractions": "9.0.0",
          "System.Diagnostics.DiagnosticSource": "9.0.0"
        }
      },
      "Microsoft.Extensions.Options": {
        "type": "CentralTransitive",
        "requested": "[9.0.0, )",
        "resolved": "9.0.0",
        "contentHash": "y2146b3jrPI3Q0lokKXdKLpmXqakYbDIPDV6r3M8SqvSf45WwOTzkyfDpxnZXJsJQEpAsAqjUq5Pu8RCJMjubg==",
        "dependencies": {
          "Microsoft.Extensions.DependencyInjection.Abstractions": "9.0.0",
          "Microsoft.Extensions.Primitives": "9.0.0"
        }
      },
      "Microsoft.IO.RecyclableMemoryStream": {
        "type": "CentralTransitive",
        "requested": "[3.0.1, )",
        "resolved": "3.0.1",
        "contentHash": "s/s20YTVY9r9TPfTrN5g8zPF1YhwxyqO6PxUkrYTGI2B+OGPe9AdajWZrLhFqXIvqIW23fnUE4+ztrUWNU1+9g=="
      },
      "Microsoft.Net.Http.Headers": {
        "type": "CentralTransitive",
        "requested": "[8.0.11, )",
        "resolved": "8.0.11",
        "contentHash": "ZhNvk0bpW8hdWCsu6aFtsKVSNlGZ5STVjuF7Ij3Y9/DvDrOOneVQYbyNZ58nHTwSVSMbxZ5pZ0PhIdFiBp7b4Q==",
        "dependencies": {
          "Microsoft.Extensions.Primitives": "8.0.0"
        }
      },
      "Microsoft.TestPlatform.TestHost": {
        "type": "CentralTransitive",
        "requested": "[17.11.1, )",
        "resolved": "17.11.1",
        "contentHash": "DnG+GOqJXO/CkoqlJWeDFTgPhqD/V6VqUIL3vINizCWZ3X+HshCtbbyDdSHQQEjrc2Sl/K3yaxX6s+5LFEdYuw==",
        "dependencies": {
          "Microsoft.TestPlatform.ObjectModel": "17.11.1",
          "Newtonsoft.Json": "13.0.1"
        }
      },
      "Newtonsoft.Json": {
        "type": "CentralTransitive",
        "requested": "[13.0.3, )",
        "resolved": "13.0.3",
        "contentHash": "HrC5BXdl00IP9zeV+0Z848QWPAoCr9P3bDEZguI+gkLcBKAOxix/tLEAAHC+UvDNPv4a2d18lOReHMOagPa+zQ=="
      },
      "NodaTime": {
        "type": "CentralTransitive",
        "requested": "[3.2.0, )",
        "resolved": "3.2.0",
        "contentHash": "yoRA3jEJn8NM0/rQm78zuDNPA3DonNSZdsorMUj+dltc1D+/Lc5h9YXGqbEEZozMGr37lAoYkcSM/KjTVqD0ow=="
      },
      "OpenTelemetry.Api": {
        "type": "CentralTransitive",
        "requested": "[1.10.0, )",
        "resolved": "1.10.0",
        "contentHash": "HcmxppwGFna1oY8cLX6hZ/nU1dw07UutfOVCltrbVE3RNYwRD7qFdQRtQQAoKZnbXE9yW4QMdtohcLClNFOk8w==",
        "dependencies": {
          "System.Diagnostics.DiagnosticSource": "9.0.0"
        }
      },
      "System.Collections.Immutable": {
        "type": "CentralTransitive",
        "requested": "[9.0.0, )",
        "resolved": "9.0.0",
        "contentHash": "QhkXUl2gNrQtvPmtBTQHb0YsUrDiDQ2QS09YbtTTiSjGcf7NBqtYbrG/BE06zcBPCKEwQGzIv13IVdXNOSub2w=="
      },
      "System.IO.Pipelines": {
        "type": "CentralTransitive",
        "requested": "[9.0.0, )",
        "resolved": "9.0.0",
        "contentHash": "eA3cinogwaNB4jdjQHOP3Z3EuyiDII7MT35jgtnsA4vkn0LUrrSHsU0nzHTzFzmaFYeKV7MYyMxOocFzsBHpTw=="
      },
      "System.Reflection.Metadata": {
        "type": "CentralTransitive",
        "requested": "[9.0.0, )",
        "resolved": "9.0.0",
        "contentHash": "ANiqLu3DxW9kol/hMmTWbt3414t9ftdIuiIU7j80okq2YzAueo120M442xk1kDJWtmZTqWQn7wHDvMRipVOEOQ==",
        "dependencies": {
          "System.Collections.Immutable": "9.0.0"
        }
      },
      "System.Threading.Channels": {
        "type": "CentralTransitive",
        "requested": "[9.0.0, )",
        "resolved": "9.0.0",
        "contentHash": "hzACdIf1C+4Dqos5ijV404b94+LqfIC8nfS3mNpCDFWowb1N3PNfJPopneq32ahWlDeyaPZJqjBk76YFR69Rpg=="
      }
    },
    "net9.0": {
      "Microsoft.CSharp": {
        "type": "Direct",
        "requested": "[4.7.0, )",
        "resolved": "4.7.0",
        "contentHash": "pTj+D3uJWyN3My70i2Hqo+OXixq3Os2D1nJ2x92FFo6sk8fYS1m1WLNTs0Dc1uPaViH0YvEEwvzddQ7y4rhXmA=="
      },
      "Microsoft.Extensions.Logging": {
        "type": "Direct",
        "requested": "[9.0.0, )",
        "resolved": "9.0.0",
        "contentHash": "crjWyORoug0kK7RSNJBTeSE6VX8IQgLf3nUpTB9m62bPXp/tzbnOsnbe8TXEG0AASNaKZddnpHKw7fET8E++Pg==",
        "dependencies": {
          "Microsoft.Extensions.DependencyInjection": "9.0.0",
          "Microsoft.Extensions.Logging.Abstractions": "9.0.0",
          "Microsoft.Extensions.Options": "9.0.0"
        }
      },
      "Microsoft.Extensions.Logging.Configuration": {
        "type": "Direct",
        "requested": "[9.0.0, )",
        "resolved": "9.0.0",
        "contentHash": "H05HiqaNmg6GjH34ocYE9Wm1twm3Oz2aXZko8GTwGBzM7op2brpAA8pJ5yyD1OpS1mXUtModBYOlcZ/wXeWsSg==",
        "dependencies": {
          "Microsoft.Extensions.Configuration": "9.0.0",
          "Microsoft.Extensions.Configuration.Abstractions": "9.0.0",
          "Microsoft.Extensions.Configuration.Binder": "9.0.0",
          "Microsoft.Extensions.DependencyInjection.Abstractions": "9.0.0",
          "Microsoft.Extensions.Logging": "9.0.0",
          "Microsoft.Extensions.Logging.Abstractions": "9.0.0",
          "Microsoft.Extensions.Options": "9.0.0",
          "Microsoft.Extensions.Options.ConfigurationExtensions": "9.0.0"
        }
      },
      "Microsoft.NET.Test.Sdk": {
        "type": "Direct",
        "requested": "[17.11.1, )",
        "resolved": "17.11.1",
        "contentHash": "U3Ty4BaGoEu+T2bwSko9tWqWUOU16WzSFkq6U8zve75oRBMSLTBdMAZrVNNz1Tq12aCdDom9fcOcM9QZaFHqFg==",
        "dependencies": {
          "Microsoft.CodeCoverage": "17.11.1",
          "Microsoft.TestPlatform.TestHost": "17.11.1"
        }
      },
      "NodaTime.Testing": {
        "type": "Direct",
        "requested": "[3.2.0, )",
        "resolved": "3.2.0",
        "contentHash": "rrJjc3omfhJvL2Oyavitj9FD+1wDjbGIugx5vn4dZvNAKzs2Z8YUckU51CAbWZ00mXhpjJgVfb2RYw43hD8Ung==",
        "dependencies": {
          "NodaTime": "3.2.0"
        }
      },
      "NUnit": {
        "type": "Direct",
        "requested": "[4.2.2, )",
        "resolved": "4.2.2",
        "contentHash": "mon0OPko28yZ/foVXrhiUvq1LReaGsBdziumyyYGxV/pOE4q92fuYeN+AF+gEU5pCjzykcdBt5l7xobTaiBjsg=="
      },
      "NUnit.Console": {
        "type": "Direct",
        "requested": "[3.18.3, )",
        "resolved": "3.18.3",
        "contentHash": "0t1/s8TtfzlHfCG4pSWjzx5db7vW0rg8dZTmX4no9Lss++SUzG3lgh6ePbhNDRucbLSKrW06qLgdB/zPZvJGuA==",
        "dependencies": {
          "NUnit.ConsoleRunner": "3.18.3",
          "NUnit.Extension.NUnitProjectLoader": "3.8.0",
          "NUnit.Extension.NUnitV2Driver": "3.9.0",
          "NUnit.Extension.NUnitV2ResultWriter": "3.8.0",
          "NUnit.Extension.TeamCityEventListener": "1.0.7",
          "NUnit.Extension.VSProjectLoader": "3.9.0"
        }
      },
      "NUnit.ConsoleRunner": {
        "type": "Direct",
        "requested": "[3.18.3, )",
        "resolved": "3.18.3",
        "contentHash": "Z1MBcbf8Q/R3JhugoqkxdO5wBml7Tq26zukHcdomt5wXlJn3usfice3ABkO18g6ragdVotg9GBMMb+IzYDDCqQ=="
      },
      "System.Text.Encoding.CodePages": {
        "type": "Direct",
        "requested": "[9.0.0, )",
        "resolved": "9.0.0",
        "contentHash": "GxJTSFPQpoVd0vQRgq8hwesicxgZoHTbYMvR/UMM4IzhkHMT+ebZE11c2C1gUyxz55zWtGCWktMTHvmgLzob9g=="
      },
      "Microsoft.CodeCoverage": {
        "type": "Transitive",
        "resolved": "17.11.1",
        "contentHash": "nPJqrcA5iX+Y0kqoT3a+pD/8lrW/V7ayqnEJQsTonSoPz59J8bmoQhcSN4G8+UJ64Hkuf0zuxnfuj2lkHOq4cA=="
      },
      "Microsoft.Extensions.Configuration": {
        "type": "Transitive",
        "resolved": "9.0.0",
        "contentHash": "YIMO9T3JL8MeEXgVozKt2v79hquo/EFtnY0vgxmLnUvk1Rei/halI7kOWZL2RBeV9FMGzgM9LZA8CVaNwFMaNA==",
        "dependencies": {
          "Microsoft.Extensions.Configuration.Abstractions": "9.0.0",
          "Microsoft.Extensions.Primitives": "9.0.0"
        }
      },
      "Microsoft.Extensions.Configuration.Abstractions": {
        "type": "Transitive",
        "resolved": "9.0.0",
        "contentHash": "lqvd7W3FGKUO1+ZoUEMaZ5XDJeWvjpy2/M/ptCGz3tXLD4HWVaSzjufsAsjemasBEg+2SxXVtYVvGt5r2nKDlg==",
        "dependencies": {
          "Microsoft.Extensions.Primitives": "9.0.0"
        }
      },
      "Microsoft.Extensions.DependencyInjection": {
        "type": "Transitive",
        "resolved": "9.0.0",
        "contentHash": "MCPrg7v3QgNMr0vX4vzRXvkNGgLg8vKWX0nKCWUxu2uPyMsaRgiRc1tHBnbTcfJMhMKj2slE/j2M9oGkd25DNw==",
        "dependencies": {
          "Microsoft.Extensions.DependencyInjection.Abstractions": "9.0.0"
        }
      },
      "Microsoft.Extensions.Options.ConfigurationExtensions": {
        "type": "Transitive",
        "resolved": "9.0.0",
        "contentHash": "Ob3FXsXkcSMQmGZi7qP07EQ39kZpSBlTcAZLbJLdI4FIf0Jug8biv2HTavWmnTirchctPlq9bl/26CXtQRguzA==",
        "dependencies": {
          "Microsoft.Extensions.Configuration.Abstractions": "9.0.0",
          "Microsoft.Extensions.Configuration.Binder": "9.0.0",
          "Microsoft.Extensions.DependencyInjection.Abstractions": "9.0.0",
          "Microsoft.Extensions.Options": "9.0.0",
          "Microsoft.Extensions.Primitives": "9.0.0"
        }
      },
      "Microsoft.Extensions.Primitives": {
        "type": "Transitive",
        "resolved": "9.0.0",
        "contentHash": "N3qEBzmLMYiASUlKxxFIISP4AiwuPTHF5uCh+2CWSwwzAJiIYx0kBJsS30cp1nvhSySFAVi30jecD307jV+8Kg=="
      },
      "Microsoft.TestPlatform.ObjectModel": {
        "type": "Transitive",
        "resolved": "17.11.1",
        "contentHash": "E2jZqAU6JeWEVsyOEOrSW1o1bpHLgb25ypvKNB/moBXPVsFYBPd/Jwi7OrYahG50J83LfHzezYI+GaEkpAotiA==",
        "dependencies": {
          "System.Reflection.Metadata": "1.6.0"
        }
      },
      "NUnit.Extension.NUnitProjectLoader": {
        "type": "Transitive",
        "resolved": "3.8.0",
        "contentHash": "luFf2sI7Nw6qc3GTm7rcQKqrrp1uGp5z8USUu6CjfjYg6Pwo1TCS0WsaBHA1afmHDT7WJuuJ1dzAMdEDUm8UdQ=="
      },
      "NUnit.Extension.NUnitV2Driver": {
        "type": "Transitive",
        "resolved": "3.9.0",
        "contentHash": "h4sqAl2dBh+PpClkYB5cCkfDtTitC0sZeFEf6j0Bmk8yrc8lN7dpQ67QFnlf0FnyspI409QVf6uM+7gPXzJ8+w=="
      },
      "NUnit.Extension.NUnitV2ResultWriter": {
        "type": "Transitive",
        "resolved": "3.8.0",
        "contentHash": "uvbFF+RcJdHcB8A+XmkLz0ANVbpU8+A9AghAMZ3y/JORHz15Hps6U4Yy8oP7OWQ+4lm4bA65D1CcIFLIpVX/5A=="
      },
      "NUnit.Extension.TeamCityEventListener": {
        "type": "Transitive",
        "resolved": "1.0.7",
        "contentHash": "bw+ZwHsUmxqb9leo91qLEF7ggtdpawY2V6wNqHI6+ATa2SHxHxoxiV5UV07ZWDRpf/qlQJELNlZu7wIB3+w2qQ=="
      },
      "NUnit.Extension.VSProjectLoader": {
        "type": "Transitive",
        "resolved": "3.9.0",
        "contentHash": "KDCliBK7Db3PPheXfp0gaUQdT2AyRCVPPSnI4/cI2umRmEnNM7uKnZOIJflN7MebjqUpMyi92OAm7dIbaAK4NA=="
      },
      "System.Diagnostics.DiagnosticSource": {
        "type": "Transitive",
        "resolved": "9.0.0",
        "contentHash": "ddppcFpnbohLWdYKr/ZeLZHmmI+DXFgZ3Snq+/E7SwcdW4UnvxmaugkwGywvGVWkHPGCSZjCP+MLzu23AL5SDw=="
      },
      "doxense.core": {
        "type": "Project",
        "dependencies": {
          "Microsoft.Extensions.DependencyInjection.Abstractions": "[9.0.0, )",
          "Microsoft.Extensions.Logging.Abstractions": "[9.0.0, )",
          "Microsoft.Extensions.Options": "[9.0.0, )",
          "NodaTime": "[3.2.0, )",
          "OpenTelemetry.Api": "[1.10.0, )",
          "System.IO.Pipelines": "[9.0.0, )",
          "System.Reflection.Metadata": "[9.0.0, )",
          "System.Threading.Channels": "[9.0.0, )"
        }
      },
      "doxense.networking.http": {
        "type": "Project",
        "dependencies": {
          "Doxense.Core": "[7.3.1-preview.1, )",
          "Microsoft.Extensions.DependencyInjection.Abstractions": "[9.0.0, )",
          "Microsoft.Extensions.Logging.Abstractions": "[9.0.0, )",
          "Microsoft.Extensions.Options": "[9.0.0, )",
          "Microsoft.IO.RecyclableMemoryStream": "[3.0.1, )",
          "Microsoft.Net.Http.Headers": "[9.0.0, )",
          "OpenTelemetry.Api": "[1.10.0, )"
        }
      },
      "Microsoft.Extensions.Configuration.Binder": {
        "type": "CentralTransitive",
        "requested": "[9.0.0, )",
        "resolved": "9.0.0",
        "contentHash": "RiScL99DcyngY9zJA2ROrri7Br8tn5N4hP4YNvGdTN/bvg1A3dwvDOxHnNZ3Im7x2SJ5i4LkX1uPiR/MfSFBLQ==",
        "dependencies": {
          "Microsoft.Extensions.Configuration.Abstractions": "9.0.0"
        }
      },
      "Microsoft.Extensions.DependencyInjection.Abstractions": {
        "type": "CentralTransitive",
        "requested": "[9.0.0, )",
        "resolved": "9.0.0",
        "contentHash": "+6f2qv2a3dLwd5w6JanPIPs47CxRbnk+ZocMJUhv9NxP88VlOcJYZs9jY+MYSjxvady08bUZn6qgiNh7DadGgg=="
      },
      "Microsoft.Extensions.Logging.Abstractions": {
        "type": "CentralTransitive",
        "requested": "[9.0.0, )",
        "resolved": "9.0.0",
        "contentHash": "g0UfujELzlLbHoVG8kPKVBaW470Ewi+jnptGS9KUi6jcb+k2StujtK3m26DFSGGwQ/+bVgZfsWqNzlP6YOejvw==",
        "dependencies": {
          "Microsoft.Extensions.DependencyInjection.Abstractions": "9.0.0"
        }
      },
      "Microsoft.Extensions.Options": {
        "type": "CentralTransitive",
        "requested": "[9.0.0, )",
        "resolved": "9.0.0",
        "contentHash": "y2146b3jrPI3Q0lokKXdKLpmXqakYbDIPDV6r3M8SqvSf45WwOTzkyfDpxnZXJsJQEpAsAqjUq5Pu8RCJMjubg==",
        "dependencies": {
          "Microsoft.Extensions.DependencyInjection.Abstractions": "9.0.0",
          "Microsoft.Extensions.Primitives": "9.0.0"
        }
      },
      "Microsoft.IO.RecyclableMemoryStream": {
        "type": "CentralTransitive",
        "requested": "[3.0.1, )",
        "resolved": "3.0.1",
        "contentHash": "s/s20YTVY9r9TPfTrN5g8zPF1YhwxyqO6PxUkrYTGI2B+OGPe9AdajWZrLhFqXIvqIW23fnUE4+ztrUWNU1+9g=="
      },
      "Microsoft.Net.Http.Headers": {
        "type": "CentralTransitive",
        "requested": "[9.0.0, )",
        "resolved": "9.0.0",
        "contentHash": "Haa8791nKzjZtck7KOzM4hgoyvwBfVzkyTLdmEVRm3FdHB1iahQZNiou17hSF5PlOQT0hr4BAQYeZYvfs4BZMQ==",
        "dependencies": {
          "Microsoft.Extensions.Primitives": "9.0.0"
        }
      },
      "Microsoft.TestPlatform.TestHost": {
        "type": "CentralTransitive",
        "requested": "[17.11.1, )",
        "resolved": "17.11.1",
        "contentHash": "DnG+GOqJXO/CkoqlJWeDFTgPhqD/V6VqUIL3vINizCWZ3X+HshCtbbyDdSHQQEjrc2Sl/K3yaxX6s+5LFEdYuw==",
        "dependencies": {
          "Microsoft.TestPlatform.ObjectModel": "17.11.1",
          "Newtonsoft.Json": "13.0.1"
        }
      },
      "Newtonsoft.Json": {
        "type": "CentralTransitive",
        "requested": "[13.0.3, )",
        "resolved": "13.0.3",
        "contentHash": "HrC5BXdl00IP9zeV+0Z848QWPAoCr9P3bDEZguI+gkLcBKAOxix/tLEAAHC+UvDNPv4a2d18lOReHMOagPa+zQ=="
      },
      "NodaTime": {
        "type": "CentralTransitive",
        "requested": "[3.2.0, )",
        "resolved": "3.2.0",
        "contentHash": "yoRA3jEJn8NM0/rQm78zuDNPA3DonNSZdsorMUj+dltc1D+/Lc5h9YXGqbEEZozMGr37lAoYkcSM/KjTVqD0ow=="
      },
      "OpenTelemetry.Api": {
        "type": "CentralTransitive",
        "requested": "[1.10.0, )",
        "resolved": "1.10.0",
        "contentHash": "HcmxppwGFna1oY8cLX6hZ/nU1dw07UutfOVCltrbVE3RNYwRD7qFdQRtQQAoKZnbXE9yW4QMdtohcLClNFOk8w==",
        "dependencies": {
          "System.Diagnostics.DiagnosticSource": "9.0.0"
        }
      },
      "System.IO.Pipelines": {
        "type": "CentralTransitive",
        "requested": "[9.0.0, )",
        "resolved": "9.0.0",
        "contentHash": "eA3cinogwaNB4jdjQHOP3Z3EuyiDII7MT35jgtnsA4vkn0LUrrSHsU0nzHTzFzmaFYeKV7MYyMxOocFzsBHpTw=="
      },
      "System.Reflection.Metadata": {
        "type": "CentralTransitive",
        "requested": "[9.0.0, )",
        "resolved": "9.0.0",
        "contentHash": "ANiqLu3DxW9kol/hMmTWbt3414t9ftdIuiIU7j80okq2YzAueo120M442xk1kDJWtmZTqWQn7wHDvMRipVOEOQ=="
      },
      "System.Threading.Channels": {
        "type": "CentralTransitive",
        "requested": "[9.0.0, )",
        "resolved": "9.0.0",
        "contentHash": "hzACdIf1C+4Dqos5ijV404b94+LqfIC8nfS3mNpCDFWowb1N3PNfJPopneq32ahWlDeyaPZJqjBk76YFR69Rpg=="
      }
    }
  }
}